{
  "name": "document-scanner-samples",
  "version": "1.0.0",
  "lockfileVersion": 3,
  "requires": true,
  "packages": {
    "": {
      "name": "document-scanner-samples",
      "version": "1.0.0",
      "dependencies": {
        "dynamsoft-document-scanner": "1.3.1"
      },
      "devDependencies": {
        "typescript": "^5.0.0"
      }
    },
    "node_modules/dynamsoft-document-scanner": {
      "version": "1.3.1",
      "resolved": "https://registry.npmjs.org/dynamsoft-document-scanner/-/dynamsoft-document-scanner-1.3.1.tgz",
      "integrity": "sha512-VA2INtiFvMkMJnKw1RGNpEnNwcXW5T8R7jmKCp+0ZSmqpm2qTbv/rl9EsG3+cll5CFoMNbDuF8KeZcM3lJoAKw==",
      "license": "SEE LICENSE IN LICENSE"
    },
    "node_modules/typescript": {
      "version": "5.9.2",
      "resolved": "https://registry.npmjs.org/typescript/-/typescript-5.9.2.tgz",
      "integrity": "sha512-CWBzXQrc/qOkhidw1OzBTQuYRbfyxDXJMVJ1XNwUHGROVmuaeiEm3OslpZ1RV96d7SKKjZKrSJu3+t/xlw3R9A==",
      "dev": true,
      "license": "Apache-2.0",
      "bin": {
        "tsc": "bin/tsc",
        "tsserver": "bin/tsserver"
      },
      "engines": {
        "node": ">=14.17"
      }
    }
  }
}
